// !$*UTF8*$!
{
	archiveVersion = 1;
	classes = {
	};
	objectVersion = 46;
	objects = {

/* Begin PBXBuildFile section */
		EB3BF1BF198A28220080715F /* FacebookSDK.framework in Frameworks */ = {isa = PBXBuildFile; fileRef = EB3BF1BE198A28220080715F /* FacebookSDK.framework */; };
		EB433B9D1990671C002667D0 /* YSMenuViewController.m in Sources */ = {isa = PBXBuildFile; fileRef = EB433B9C1990671C002667D0 /* YSMenuViewController.m */; };
		EB433BA119906861002667D0 /* SWMMenuViewController.m in Sources */ = {isa = PBXBuildFile; fileRef = EB433BA019906861002667D0 /* SWMMenuViewController.m */; };
		EB433BA619907907002667D0 /* SWMProviderMainDetailViewController.m in Sources */ = {isa = PBXBuildFile; fileRef = EB433BA519907907002667D0 /* SWMProviderMainDetailViewController.m */; };
		EB433BAC19909307002667D0 /* SWMMainTableViewCell.m in Sources */ = {isa = PBXBuildFile; fileRef = EB433BAB19909307002667D0 /* SWMMainTableViewCell.m */; };
		EB433BAF199093BD002667D0 /* SWMMainTableViewController.m in Sources */ = {isa = PBXBuildFile; fileRef = EB433BAE199093BD002667D0 /* SWMMainTableViewController.m */; };
		EB433BB619909791002667D0 /* SWMDetailViewController.m in Sources */ = {isa = PBXBuildFile; fileRef = EB433BB519909791002667D0 /* SWMDetailViewController.m */; };
		EB433BB919909BCD002667D0 /* SWMHouseImageScrollView.m in Sources */ = {isa = PBXBuildFile; fileRef = EB433BB819909BCD002667D0 /* SWMHouseImageScrollView.m */; };
		EB433BBE19909C5D002667D0 /* HouseData.m in Sources */ = {isa = PBXBuildFile; fileRef = EB433BBD19909C5D002667D0 /* HouseData.m */; };
		EB433BC11990A104002667D0 /* MakeDumpData.m in Sources */ = {isa = PBXBuildFile; fileRef = EB433BC01990A104002667D0 /* MakeDumpData.m */; };
		EB433BC41990A274002667D0 /* SWMLoginViewController.m in Sources */ = {isa = PBXBuildFile; fileRef = EB433BC31990A274002667D0 /* SWMLoginViewController.m */; };
		EB433BCE1990A3E1002667D0 /* radio-off.png in Resources */ = {isa = PBXBuildFile; fileRef = EB433BC51990A3E1002667D0 /* radio-off.png */; };
		EB433BCF1990A3E1002667D0 /* radio-on.png in Resources */ = {isa = PBXBuildFile; fileRef = EB433BC61990A3E1002667D0 /* radio-on.png */; };
		EB433BD01990A3E1002667D0 /* subway.csv in Resources */ = {isa = PBXBuildFile; fileRef = EB433BC71990A3E1002667D0 /* subway.csv */; };
		EB433BD11990A3E1002667D0 /* makefg.php.png in Resources */ = {isa = PBXBuildFile; fileRef = EB433BC81990A3E1002667D0 /* makefg.php.png */; };
		EB433BD21990A3E1002667D0 /* face_test.png in Resources */ = {isa = PBXBuildFile; fileRef = EB433BC91990A3E1002667D0 /* face_test.png */; };
		EB433BD31990A3E1002667D0 /* testImg.jpg in Resources */ = {isa = PBXBuildFile; fileRef = EB433BCA1990A3E1002667D0 /* testImg.jpg */; };
		EB433BD41990A3E1002667D0 /* testImg3.jpg in Resources */ = {isa = PBXBuildFile; fileRef = EB433BCB1990A3E1002667D0 /* testImg3.jpg */; };
		EB433BD51990A3E1002667D0 /* testImg1.jpg in Resources */ = {isa = PBXBuildFile; fileRef = EB433BCC1990A3E1002667D0 /* testImg1.jpg */; };
		EB433BD61990A3E1002667D0 /* testImg2.jpg in Resources */ = {isa = PBXBuildFile; fileRef = EB433BCD1990A3E1002667D0 /* testImg2.jpg */; };
		EB7859CD198A1631000B4C18 /* Foundation.framework in Frameworks */ = {isa = PBXBuildFile; fileRef = EB7859CC198A1631000B4C18 /* Foundation.framework */; };
		EB7859CF198A1631000B4C18 /* CoreGraphics.framework in Frameworks */ = {isa = PBXBuildFile; fileRef = EB7859CE198A1631000B4C18 /* CoreGraphics.framework */; };
		EB7859D1198A1631000B4C18 /* UIKit.framework in Frameworks */ = {isa = PBXBuildFile; fileRef = EB7859D0198A1631000B4C18 /* UIKit.framework */; };
		EB7859D7198A1631000B4C18 /* InfoPlist.strings in Resources */ = {isa = PBXBuildFile; fileRef = EB7859D5198A1631000B4C18 /* InfoPlist.strings */; };
		EB7859D9198A1631000B4C18 /* main.m in Sources */ = {isa = PBXBuildFile; fileRef = EB7859D8198A1631000B4C18 /* main.m */; };
		EB7859DD198A1631000B4C18 /* SWMAppDelegate.m in Sources */ = {isa = PBXBuildFile; fileRef = EB7859DC198A1631000B4C18 /* SWMAppDelegate.m */; };
		EB7859DF198A1631000B4C18 /* Images.xcassets in Resources */ = {isa = PBXBuildFile; fileRef = EB7859DE198A1631000B4C18 /* Images.xcassets */; };
		EB7859E6198A1631000B4C18 /* XCTest.framework in Frameworks */ = {isa = PBXBuildFile; fileRef = EB7859E5198A1631000B4C18 /* XCTest.framework */; };
		EB7859E7198A1631000B4C18 /* Foundation.framework in Frameworks */ = {isa = PBXBuildFile; fileRef = EB7859CC198A1631000B4C18 /* Foundation.framework */; };
		EB7859E8198A1631000B4C18 /* UIKit.framework in Frameworks */ = {isa = PBXBuildFile; fileRef = EB7859D0198A1631000B4C18 /* UIKit.framework */; };
		EB7859F0198A1631000B4C18 /* InfoPlist.strings in Resources */ = {isa = PBXBuildFile; fileRef = EB7859EE198A1631000B4C18 /* InfoPlist.strings */; };
		EB7859F2198A1631000B4C18 /* ShallWeMateTests.m in Sources */ = {isa = PBXBuildFile; fileRef = EB7859F1198A1631000B4C18 /* ShallWeMateTests.m */; };
		EB785A09198A1B32000B4C18 /* SWMRootViewController.m in Sources */ = {isa = PBXBuildFile; fileRef = EB785A08198A1B32000B4C18 /* SWMRootViewController.m */; };
		EB7BC78F198A341700161D44 /* SWMCheckRole_VC.m in Sources */ = {isa = PBXBuildFile; fileRef = EB7BC78E198A341700161D44 /* SWMCheckRole_VC.m */; };
/* End PBXBuildFile section */

/* Begin PBXContainerItemProxy section */
		EB7859E9198A1631000B4C18 /* PBXContainerItemProxy */ = {
			isa = PBXContainerItemProxy;
			containerPortal = EB7859C1198A1631000B4C18 /* Project object */;
			proxyType = 1;
			remoteGlobalIDString = EB7859C8198A1631000B4C18;
			remoteInfo = ShallWeMate;
		};
/* End PBXContainerItemProxy section */

/* Begin PBXFileReference section */
		EB3BF1BE198A28220080715F /* FacebookSDK.framework */ = {isa = PBXFileReference; lastKnownFileType = wrapper.framework; name = FacebookSDK.framework; path = ../../../FacebookSDK/FacebookSDK.framework; sourceTree = "<group>"; };
		EB433B9B1990671C002667D0 /* YSMenuViewController.h */ = {isa = PBXFileReference; fileEncoding = 4; lastKnownFileType = sourcecode.c.h; path = YSMenuViewController.h; sourceTree = "<group>"; };
		EB433B9C1990671C002667D0 /* YSMenuViewController.m */ = {isa = PBXFileReference; fileEncoding = 4; lastKnownFileType = sourcecode.c.objc; path = YSMenuViewController.m; sourceTree = "<group>"; };
		EB433B9E1990673B002667D0 /* YSMenuProtocol.h */ = {isa = PBXFileReference; lastKnownFileType = sourcecode.c.h; path = YSMenuProtocol.h; sourceTree = "<group>"; };
		EB433B9F19906861002667D0 /* SWMMenuViewController.h */ = {isa = PBXFileReference; fileEncoding = 4; lastKnownFileType = sourcecode.c.h; path = SWMMenuViewController.h; sourceTree = "<group>"; };
		EB433BA019906861002667D0 /* SWMMenuViewController.m */ = {isa = PBXFileReference; fileEncoding = 4; lastKnownFileType = sourcecode.c.objc; path = SWMMenuViewController.m; sourceTree = "<group>"; };
		EB433BA419907907002667D0 /* SWMProviderMainDetailViewController.h */ = {isa = PBXFileReference; fileEncoding = 4; lastKnownFileType = sourcecode.c.h; name = SWMProviderMainDetailViewController.h; path = ShallWeMate/SWMProviderMainDetailViewController.h; sourceTree = "<group>"; };
		EB433BA519907907002667D0 /* SWMProviderMainDetailViewController.m */ = {isa = PBXFileReference; fileEncoding = 4; lastKnownFileType = sourcecode.c.objc; name = SWMProviderMainDetailViewController.m; path = ShallWeMate/SWMProviderMainDetailViewController.m; sourceTree = "<group>"; };
		EB433BAA19909307002667D0 /* SWMMainTableViewCell.h */ = {isa = PBXFileReference; fileEncoding = 4; lastKnownFileType = sourcecode.c.h; name = SWMMainTableViewCell.h; path = ShallWeMate/SWMMainTableViewCell.h; sourceTree = "<group>"; };
		EB433BAB19909307002667D0 /* SWMMainTableViewCell.m */ = {isa = PBXFileReference; fileEncoding = 4; lastKnownFileType = sourcecode.c.objc; name = SWMMainTableViewCell.m; path = ShallWeMate/SWMMainTableViewCell.m; sourceTree = "<group>"; };
		EB433BAD199093BD002667D0 /* SWMMainTableViewController.h */ = {isa = PBXFileReference; fileEncoding = 4; lastKnownFileType = sourcecode.c.h; name = SWMMainTableViewController.h; path = ShallWeMate/SWMMainTableViewController.h; sourceTree = "<group>"; };
		EB433BAE199093BD002667D0 /* SWMMainTableViewController.m */ = {isa = PBXFileReference; fileEncoding = 4; lastKnownFileType = sourcecode.c.objc; name = SWMMainTableViewController.m; path = ShallWeMate/SWMMainTableViewController.m; sourceTree = "<group>"; };
		EB433BB419909791002667D0 /* SWMDetailViewController.h */ = {isa = PBXFileReference; fileEncoding = 4; lastKnownFileType = sourcecode.c.h; name = SWMDetailViewController.h; path = ShallWeMate/SWMDetailViewController.h; sourceTree = "<group>"; };
		EB433BB519909791002667D0 /* SWMDetailViewController.m */ = {isa = PBXFileReference; fileEncoding = 4; lastKnownFileType = sourcecode.c.objc; name = SWMDetailViewController.m; path = ShallWeMate/SWMDetailViewController.m; sourceTree = "<group>"; };
		EB433BB719909BCD002667D0 /* SWMHouseImageScrollView.h */ = {isa = PBXFileReference; fileEncoding = 4; lastKnownFileType = sourcecode.c.h; name = SWMHouseImageScrollView.h; path = ShallWeMate/SWMHouseImageScrollView.h; sourceTree = "<group>"; };
		EB433BB819909BCD002667D0 /* SWMHouseImageScrollView.m */ = {isa = PBXFileReference; fileEncoding = 4; lastKnownFileType = sourcecode.c.objc; name = SWMHouseImageScrollView.m; path = ShallWeMate/SWMHouseImageScrollView.m; sourceTree = "<group>"; };
		EB433BBC19909C5D002667D0 /* HouseData.h */ = {isa = PBXFileReference; fileEncoding = 4; lastKnownFileType = sourcecode.c.h; path = HouseData.h; sourceTree = "<group>"; };
		EB433BBD19909C5D002667D0 /* HouseData.m */ = {isa = PBXFileReference; fileEncoding = 4; lastKnownFileType = sourcecode.c.objc; path = HouseData.m; sourceTree = "<group>"; };
		EB433BBF1990A104002667D0 /* MakeDumpData.h */ = {isa = PBXFileReference; fileEncoding = 4; lastKnownFileType = sourcecode.c.h; path = MakeDumpData.h; sourceTree = "<group>"; };
		EB433BC01990A104002667D0 /* MakeDumpData.m */ = {isa = PBXFileReference; fileEncoding = 4; lastKnownFileType = sourcecode.c.objc; path = MakeDumpData.m; sourceTree = "<group>"; };
		EB433BC21990A274002667D0 /* SWMLoginViewController.h */ = {isa = PBXFileReference; fileEncoding = 4; lastKnownFileType = sourcecode.c.h; path = SWMLoginViewController.h; sourceTree = "<group>"; };
		EB433BC31990A274002667D0 /* SWMLoginViewController.m */ = {isa = PBXFileReference; fileEncoding = 4; lastKnownFileType = sourcecode.c.objc; path = SWMLoginViewController.m; sourceTree = "<group>"; };
		EB433BC51990A3E1002667D0 /* radio-off.png */ = {isa = PBXFileReference; lastKnownFileType = image.png; path = "radio-off.png"; sourceTree = "<group>"; };
		EB433BC61990A3E1002667D0 /* radio-on.png */ = {isa = PBXFileReference; lastKnownFileType = image.png; path = "radio-on.png"; sourceTree = "<group>"; };
		EB433BC71990A3E1002667D0 /* subway.csv */ = {isa = PBXFileReference; fileEncoding = 4; lastKnownFileType = text; path = subway.csv; sourceTree = "<group>"; };
		EB433BC81990A3E1002667D0 /* makefg.php.png */ = {isa = PBXFileReference; lastKnownFileType = image.png; path = makefg.php.png; sourceTree = "<group>"; };
		EB433BC91990A3E1002667D0 /* face_test.png */ = {isa = PBXFileReference; lastKnownFileType = image.png; path = face_test.png; sourceTree = "<group>"; };
		EB433BCA1990A3E1002667D0 /* testImg.jpg */ = {isa = PBXFileReference; lastKnownFileType = image.jpeg; path = testImg.jpg; sourceTree = "<group>"; };
		EB433BCB1990A3E1002667D0 /* testImg3.jpg */ = {isa = PBXFileReference; lastKnownFileType = image.jpeg; path = testImg3.jpg; sourceTree = "<group>"; };
		EB433BCC1990A3E1002667D0 /* testImg1.jpg */ = {isa = PBXFileReference; lastKnownFileType = image.jpeg; path = testImg1.jpg; sourceTree = "<group>"; };
		EB433BCD1990A3E1002667D0 /* testImg2.jpg */ = {isa = PBXFileReference; lastKnownFileType = image.jpeg; path = testImg2.jpg; sourceTree = "<group>"; };
		EB7859C9198A1631000B4C18 /* ShallWeMate.app */ = {isa = PBXFileReference; explicitFileType = wrapper.application; includeInIndex = 0; path = ShallWeMate.app; sourceTree = BUILT_PRODUCTS_DIR; };
		EB7859CC198A1631000B4C18 /* Foundation.framework */ = {isa = PBXFileReference; lastKnownFileType = wrapper.framework; name = Foundation.framework; path = System/Library/Frameworks/Foundation.framework; sourceTree = SDKROOT; };
		EB7859CE198A1631000B4C18 /* CoreGraphics.framework */ = {isa = PBXFileReference; lastKnownFileType = wrapper.framework; name = CoreGraphics.framework; path = System/Library/Frameworks/CoreGraphics.framework; sourceTree = SDKROOT; };
		EB7859D0198A1631000B4C18 /* UIKit.framework */ = {isa = PBXFileReference; lastKnownFileType = wrapper.framework; name = UIKit.framework; path = System/Library/Frameworks/UIKit.framework; sourceTree = SDKROOT; };
		EB7859D4198A1631000B4C18 /* ShallWeMate-Info.plist */ = {isa = PBXFileReference; lastKnownFileType = text.plist.xml; path = "ShallWeMate-Info.plist"; sourceTree = "<group>"; };
		EB7859D6198A1631000B4C18 /* en */ = {isa = PBXFileReference; lastKnownFileType = text.plist.strings; name = en; path = en.lproj/InfoPlist.strings; sourceTree = "<group>"; };
		EB7859D8198A1631000B4C18 /* main.m */ = {isa = PBXFileReference; lastKnownFileType = sourcecode.c.objc; path = main.m; sourceTree = "<group>"; };
		EB7859DA198A1631000B4C18 /* ShallWeMate-Prefix.pch */ = {isa = PBXFileReference; lastKnownFileType = sourcecode.c.h; path = "ShallWeMate-Prefix.pch"; sourceTree = "<group>"; };
		EB7859DB198A1631000B4C18 /* SWMAppDelegate.h */ = {isa = PBXFileReference; lastKnownFileType = sourcecode.c.h; path = SWMAppDelegate.h; sourceTree = "<group>"; };
		EB7859DC198A1631000B4C18 /* SWMAppDelegate.m */ = {isa = PBXFileReference; lastKnownFileType = sourcecode.c.objc; path = SWMAppDelegate.m; sourceTree = "<group>"; };
		EB7859DE198A1631000B4C18 /* Images.xcassets */ = {isa = PBXFileReference; lastKnownFileType = folder.assetcatalog; path = Images.xcassets; sourceTree = "<group>"; };
		EB7859E4198A1631000B4C18 /* ShallWeMateTests.xctest */ = {isa = PBXFileReference; explicitFileType = wrapper.cfbundle; includeInIndex = 0; path = ShallWeMateTests.xctest; sourceTree = BUILT_PRODUCTS_DIR; };
		EB7859E5198A1631000B4C18 /* XCTest.framework */ = {isa = PBXFileReference; lastKnownFileType = wrapper.framework; name = XCTest.framework; path = Library/Frameworks/XCTest.framework; sourceTree = DEVELOPER_DIR; };
		EB7859ED198A1631000B4C18 /* ShallWeMateTests-Info.plist */ = {isa = PBXFileReference; lastKnownFileType = text.plist.xml; path = "ShallWeMateTests-Info.plist"; sourceTree = "<group>"; };
		EB7859EF198A1631000B4C18 /* en */ = {isa = PBXFileReference; lastKnownFileType = text.plist.strings; name = en; path = en.lproj/InfoPlist.strings; sourceTree = "<group>"; };
		EB7859F1198A1631000B4C18 /* ShallWeMateTests.m */ = {isa = PBXFileReference; lastKnownFileType = sourcecode.c.objc; path = ShallWeMateTests.m; sourceTree = "<group>"; };
		EB785A07198A1B32000B4C18 /* SWMRootViewController.h */ = {isa = PBXFileReference; fileEncoding = 4; lastKnownFileType = sourcecode.c.h; path = SWMRootViewController.h; sourceTree = "<group>"; };
		EB785A08198A1B32000B4C18 /* SWMRootViewController.m */ = {isa = PBXFileReference; fileEncoding = 4; lastKnownFileType = sourcecode.c.objc; path = SWMRootViewController.m; sourceTree = "<group>"; };
		EB7BC78D198A341700161D44 /* SWMCheckRole_VC.h */ = {isa = PBXFileReference; fileEncoding = 4; lastKnownFileType = sourcecode.c.h; path = SWMCheckRole_VC.h; sourceTree = "<group>"; };
		EB7BC78E198A341700161D44 /* SWMCheckRole_VC.m */ = {isa = PBXFileReference; fileEncoding = 4; lastKnownFileType = sourcecode.c.objc; path = SWMCheckRole_VC.m; sourceTree = "<group>"; };
/* End PBXFileReference section */

/* Begin PBXFrameworksBuildPhase section */
		EB7859C6198A1631000B4C18 /* Frameworks */ = {
			isa = PBXFrameworksBuildPhase;
			buildActionMask = 2147483647;
			files = (
				EB7859CF198A1631000B4C18 /* CoreGraphics.framework in Frameworks */,
				EB3BF1BF198A28220080715F /* FacebookSDK.framework in Frameworks */,
				EB7859D1198A1631000B4C18 /* UIKit.framework in Frameworks */,
				EB7859CD198A1631000B4C18 /* Foundation.framework in Frameworks */,
			);
			runOnlyForDeploymentPostprocessing = 0;
		};
		EB7859E1198A1631000B4C18 /* Frameworks */ = {
			isa = PBXFrameworksBuildPhase;
			buildActionMask = 2147483647;
			files = (
				EB7859E6198A1631000B4C18 /* XCTest.framework in Frameworks */,
				EB7859E8198A1631000B4C18 /* UIKit.framework in Frameworks */,
				EB7859E7198A1631000B4C18 /* Foundation.framework in Frameworks */,
			);
			runOnlyForDeploymentPostprocessing = 0;
		};
/* End PBXFrameworksBuildPhase section */

/* Begin PBXGroup section */
		EB433BA2199078AE002667D0 /* MainPage */ = {
			isa = PBXGroup;
			children = (
				EB433BA3199078E2002667D0 /* Provider */,
				EB433BB419909791002667D0 /* SWMDetailViewController.h */,
				EB433BB519909791002667D0 /* SWMDetailViewController.m */,
				EB433BAA19909307002667D0 /* SWMMainTableViewCell.h */,
				EB433BAB19909307002667D0 /* SWMMainTableViewCell.m */,
				EB433BAD199093BD002667D0 /* SWMMainTableViewController.h */,
				EB433BAE199093BD002667D0 /* SWMMainTableViewController.m */,
				EB433BB719909BCD002667D0 /* SWMHouseImageScrollView.h */,
				EB433BB819909BCD002667D0 /* SWMHouseImageScrollView.m */,
			);
			name = MainPage;
			path = ..;
			sourceTree = "<group>";
		};
		EB433BA3199078E2002667D0 /* Provider */ = {
			isa = PBXGroup;
			children = (
				EB433BA419907907002667D0 /* SWMProviderMainDetailViewController.h */,
				EB433BA519907907002667D0 /* SWMProviderMainDetailViewController.m */,
			);
			name = Provider;
			sourceTree = "<group>";
		};
		EB433BBB19909C28002667D0 /* DumpData */ = {
			isa = PBXGroup;
			children = (
				EB433BBC19909C5D002667D0 /* HouseData.h */,
				EB433BBD19909C5D002667D0 /* HouseData.m */,
				EB433BBF1990A104002667D0 /* MakeDumpData.h */,
				EB433BC01990A104002667D0 /* MakeDumpData.m */,
			);
			name = DumpData;
			sourceTree = "<group>";
		};
		EB433BD71990A48B002667D0 /* Message */ = {
			isa = PBXGroup;
			children = (
			);
			name = Message;
			sourceTree = "<group>";
		};
		EB7859C0198A1631000B4C18 = {
			isa = PBXGroup;
			children = (
				EB7859D2198A1631000B4C18 /* ShallWeMate */,
				EB7859EB198A1631000B4C18 /* ShallWeMateTests */,
				EB7859CB198A1631000B4C18 /* Frameworks */,
				EB7859CA198A1631000B4C18 /* Products */,
			);
			sourceTree = "<group>";
		};
		EB7859CA198A1631000B4C18 /* Products */ = {
			isa = PBXGroup;
			children = (
				EB7859C9198A1631000B4C18 /* ShallWeMate.app */,
				EB7859E4198A1631000B4C18 /* ShallWeMateTests.xctest */,
			);
			name = Products;
			sourceTree = "<group>";
		};
		EB7859CB198A1631000B4C18 /* Frameworks */ = {
			isa = PBXGroup;
			children = (
				EB3BF1BE198A28220080715F /* FacebookSDK.framework */,
				EB7859CC198A1631000B4C18 /* Foundation.framework */,
				EB7859CE198A1631000B4C18 /* CoreGraphics.framework */,
				EB7859D0198A1631000B4C18 /* UIKit.framework */,
				EB7859E5198A1631000B4C18 /* XCTest.framework */,
			);
			name = Frameworks;
			sourceTree = "<group>";
		};
		EB7859D2198A1631000B4C18 /* ShallWeMate */ = {
			isa = PBXGroup;
			children = (
				EB433BD71990A48B002667D0 /* Message */,
				EB433BBB19909C28002667D0 /* DumpData */,
				EB7859DE198A1631000B4C18 /* Images.xcassets */,
				EB785A02198A19E1000B4C18 /* Login */,
				EB433BA2199078AE002667D0 /* MainPage */,
				EB7859FF198A1997000B4C18 /* Menu */,
				EB785A03198A19E8000B4C18 /* Register */,
				EB785A01198A19D9000B4C18 /* Resource */,
				EB7859D3198A1631000B4C18 /* Supporting Files */,
				EB7859DB198A1631000B4C18 /* SWMAppDelegate.h */,
				EB7859DC198A1631000B4C18 /* SWMAppDelegate.m */,
				EB785A07198A1B32000B4C18 /* SWMRootViewController.h */,
				EB785A08198A1B32000B4C18 /* SWMRootViewController.m */,
			);
			path = ShallWeMate;
			sourceTree = "<group>";
		};
		EB7859D3198A1631000B4C18 /* Supporting Files */ = {
			isa = PBXGroup;
			children = (
				EB7859D4198A1631000B4C18 /* ShallWeMate-Info.plist */,
				EB7859D5198A1631000B4C18 /* InfoPlist.strings */,
				EB7859D8198A1631000B4C18 /* main.m */,
				EB7859DA198A1631000B4C18 /* ShallWeMate-Prefix.pch */,
			);
			name = "Supporting Files";
			sourceTree = "<group>";
		};
		EB7859EB198A1631000B4C18 /* ShallWeMateTests */ = {
			isa = PBXGroup;
			children = (
				EB7859F1198A1631000B4C18 /* ShallWeMateTests.m */,
				EB7859EC198A1631000B4C18 /* Supporting Files */,
			);
			path = ShallWeMateTests;
			sourceTree = "<group>";
		};
		EB7859EC198A1631000B4C18 /* Supporting Files */ = {
			isa = PBXGroup;
			children = (
				EB7859ED198A1631000B4C18 /* ShallWeMateTests-Info.plist */,
				EB7859EE198A1631000B4C18 /* InfoPlist.strings */,
			);
			name = "Supporting Files";
			sourceTree = "<group>";
		};
		EB7859FF198A1997000B4C18 /* Menu */ = {
			isa = PBXGroup;
			children = (
				EB7BC790198A35D900161D44 /* Classes */,
				EB433B9F19906861002667D0 /* SWMMenuViewController.h */,
				EB433BA019906861002667D0 /* SWMMenuViewController.m */,
			);
			name = Menu;
			sourceTree = "<group>";
		};
		EB785A01198A19D9000B4C18 /* Resource */ = {
			isa = PBXGroup;
			children = (
				EB433BC51990A3E1002667D0 /* radio-off.png */,
				EB433BC61990A3E1002667D0 /* radio-on.png */,
				EB433BC71990A3E1002667D0 /* subway.csv */,
				EB433BC81990A3E1002667D0 /* makefg.php.png */,
				EB433BC91990A3E1002667D0 /* face_test.png */,
				EB433BCA1990A3E1002667D0 /* testImg.jpg */,
				EB433BCB1990A3E1002667D0 /* testImg3.jpg */,
				EB433BCC1990A3E1002667D0 /* testImg1.jpg */,
				EB433BCD1990A3E1002667D0 /* testImg2.jpg */,
			);
			name = Resource;
			sourceTree = "<group>";
		};
		EB785A02198A19E1000B4C18 /* Login */ = {
			isa = PBXGroup;
			children = (
				EB433BC21990A274002667D0 /* SWMLoginViewController.h */,
				EB433BC31990A274002667D0 /* SWMLoginViewController.m */,
			);
			name = Login;
			sourceTree = "<group>";
		};
		EB785A03198A19E8000B4C18 /* Register */ = {
			isa = PBXGroup;
			children = (
				EB7BC78C198A33DC00161D44 /* Classes */,
				EB7BC78D198A341700161D44 /* SWMCheckRole_VC.h */,
				EB7BC78E198A341700161D44 /* SWMCheckRole_VC.m */,
			);
			name = Register;
			sourceTree = "<group>";
		};
		EB7BC78C198A33DC00161D44 /* Classes */ = {
			isa = PBXGroup;
			children = (
			);
			name = Classes;
			sourceTree = "<group>";
		};
		EB7BC790198A35D900161D44 /* Classes */ = {
			isa = PBXGroup;
			children = (
				EB433B9B1990671C002667D0 /* YSMenuViewController.h */,
				EB433B9C1990671C002667D0 /* YSMenuViewController.m */,
				EB433B9E1990673B002667D0 /* YSMenuProtocol.h */,
			);
			name = Classes;
			sourceTree = "<group>";
		};
/* End PBXGroup section */

/* Begin PBXNativeTarget section */
		EB7859C8198A1631000B4C18 /* ShallWeMate */ = {
			isa = PBXNativeTarget;
			buildConfigurationList = EB7859F5198A1631000B4C18 /* Build configuration list for PBXNativeTarget "ShallWeMate" */;
			buildPhases = (
				EB7859C5198A1631000B4C18 /* Sources */,
				EB7859C6198A1631000B4C18 /* Frameworks */,
				EB7859C7198A1631000B4C18 /* Resources */,
			);
			buildRules = (
			);
			dependencies = (
			);
			name = ShallWeMate;
			productName = ShallWeMate;
			productReference = EB7859C9198A1631000B4C18 /* ShallWeMate.app */;
			productType = "com.apple.product-type.application";
		};
		EB7859E3198A1631000B4C18 /* ShallWeMateTests */ = {
			isa = PBXNativeTarget;
			buildConfigurationList = EB7859F8198A1631000B4C18 /* Build configuration list for PBXNativeTarget "ShallWeMateTests" */;
			buildPhases = (
				EB7859E0198A1631000B4C18 /* Sources */,
				EB7859E1198A1631000B4C18 /* Frameworks */,
				EB7859E2198A1631000B4C18 /* Resources */,
			);
			buildRules = (
			);
			dependencies = (
				EB7859EA198A1631000B4C18 /* PBXTargetDependency */,
			);
			name = ShallWeMateTests;
			productName = ShallWeMateTests;
			productReference = EB7859E4198A1631000B4C18 /* ShallWeMateTests.xctest */;
			productType = "com.apple.product-type.bundle.unit-test";
		};
/* End PBXNativeTarget section */

/* Begin PBXProject section */
		EB7859C1198A1631000B4C18 /* Project object */ = {
			isa = PBXProject;
			attributes = {
				CLASSPREFIX = SWM;
				LastUpgradeCheck = 0510;
				ORGANIZATIONNAME = "___FULLUSERNAME___";
				TargetAttributes = {
					EB7859C8198A1631000B4C18 = {
						SystemCapabilities = {
							com.apple.iOS = {
								enabled = 0;
							};
						};
					};
					EB7859E3198A1631000B4C18 = {
						TestTargetID = EB7859C8198A1631000B4C18;
					};
				};
			};
			buildConfigurationList = EB7859C4198A1631000B4C18 /* Build configuration list for PBXProject "ShallWeMate" */;
			compatibilityVersion = "Xcode 3.2";
			developmentRegion = English;
			hasScannedForEncodings = 0;
			knownRegions = (
				en,
			);
			mainGroup = EB7859C0198A1631000B4C18;
			productRefGroup = EB7859CA198A1631000B4C18 /* Products */;
			projectDirPath = "";
			projectRoot = "";
			targets = (
				EB7859C8198A1631000B4C18 /* ShallWeMate */,
				EB7859E3198A1631000B4C18 /* ShallWeMateTests */,
			);
		};
/* End PBXProject section */

/* Begin PBXResourcesBuildPhase section */
		EB7859C7198A1631000B4C18 /* Resources */ = {
			isa = PBXResourcesBuildPhase;
			buildActionMask = 2147483647;
			files = (
				EB433BCF1990A3E1002667D0 /* radio-on.png in Resources */,
				EB7859D7198A1631000B4C18 /* InfoPlist.strings in Resources */,
				EB433BD11990A3E1002667D0 /* makefg.php.png in Resources */,
				EB433BD51990A3E1002667D0 /* testImg1.jpg in Resources */,
				EB7859DF198A1631000B4C18 /* Images.xcassets in Resources */,
				EB433BD01990A3E1002667D0 /* subway.csv in Resources */,
				EB433BD41990A3E1002667D0 /* testImg3.jpg in Resources */,
				EB433BD61990A3E1002667D0 /* testImg2.jpg in Resources */,
				EB433BD21990A3E1002667D0 /* face_test.png in Resources */,
				EB433BCE1990A3E1002667D0 /* radio-off.png in Resources */,
				EB433BD31990A3E1002667D0 /* testImg.jpg in Resources */,
			);
			runOnlyForDeploymentPostprocessing = 0;
		};
		EB7859E2198A1631000B4C18 /* Resources */ = {
			isa = PBXResourcesBuildPhase;
			buildActionMask = 2147483647;
			files = (
				EB7859F0198A1631000B4C18 /* InfoPlist.strings in Resources */,
			);
			runOnlyForDeploymentPostprocessing = 0;
		};
/* End PBXResourcesBuildPhase section */

/* Begin PBXSourcesBuildPhase section */
		EB7859C5198A1631000B4C18 /* Sources */ = {
			isa = PBXSourcesBuildPhase;
			buildActionMask = 2147483647;
			files = (
				EB433BAC19909307002667D0 /* SWMMainTableViewCell.m in Sources */,
				EB433BB619909791002667D0 /* SWMDetailViewController.m in Sources */,
				EB433BA619907907002667D0 /* SWMProviderMainDetailViewController.m in Sources */,
				EB7859DD198A1631000B4C18 /* SWMAppDelegate.m in Sources */,
				EB433BBE19909C5D002667D0 /* HouseData.m in Sources */,
				EB785A09198A1B32000B4C18 /* SWMRootViewController.m in Sources */,
				EB433BC41990A274002667D0 /* SWMLoginViewController.m in Sources */,
				EB433BC11990A104002667D0 /* MakeDumpData.m in Sources */,
				EB7859D9198A1631000B4C18 /* main.m in Sources */,
				EB433BAF199093BD002667D0 /* SWMMainTableViewController.m in Sources */,
				EB433BB919909BCD002667D0 /* SWMHouseImageScrollView.m in Sources */,
				EB433B9D1990671C002667D0 /* YSMenuViewController.m in Sources */,
				EB433BA119906861002667D0 /* SWMMenuViewController.m in Sources */,
				EB7BC78F198A341700161D44 /* SWMCheckRole_VC.m in Sources */,
			);
			runOnlyForDeploymentPostprocessing = 0;
		};
		EB7859E0198A1631000B4C18 /* Sources */ = {
			isa = PBXSourcesBuildPhase;
			buildActionMask = 2147483647;
			files = (
				EB7859F2198A1631000B4C18 /* ShallWeMateTests.m in Sources */,
			);
			runOnlyForDeploymentPostprocessing = 0;
		};
/* End PBXSourcesBuildPhase section */

/* Begin PBXTargetDependency section */
		EB7859EA198A1631000B4C18 /* PBXTargetDependency */ = {
			isa = PBXTargetDependency;
			target = EB7859C8198A1631000B4C18 /* ShallWeMate */;
			targetProxy = EB7859E9198A1631000B4C18 /* PBXContainerItemProxy */;
		};
/* End PBXTargetDependency section */

/* Begin PBXVariantGroup section */
		EB7859D5198A1631000B4C18 /* InfoPlist.strings */ = {
			isa = PBXVariantGroup;
			children = (
				EB7859D6198A1631000B4C18 /* en */,
			);
			name = InfoPlist.strings;
			sourceTree = "<group>";
		};
		EB7859EE198A1631000B4C18 /* InfoPlist.strings */ = {
			isa = PBXVariantGroup;
			children = (
				EB7859EF198A1631000B4C18 /* en */,
			);
			name = InfoPlist.strings;
			sourceTree = "<group>";
		};
/* End PBXVariantGroup section */

/* Begin XCBuildConfiguration section */
		EB7859F3198A1631000B4C18 /* Debug */ = {
			isa = XCBuildConfiguration;
			buildSettings = {
				ALWAYS_SEARCH_USER_PATHS = NO;
				CLANG_CXX_LANGUAGE_STANDARD = "gnu++0x";
				CLANG_CXX_LIBRARY = "libc++";
				CLANG_ENABLE_MODULES = YES;
				CLANG_ENABLE_OBJC_ARC = YES;
				CLANG_WARN_BOOL_CONVERSION = YES;
				CLANG_WARN_CONSTANT_CONVERSION = YES;
				CLANG_WARN_DIRECT_OBJC_ISA_USAGE = YES_ERROR;
				CLANG_WARN_EMPTY_BODY = YES;
				CLANG_WARN_ENUM_CONVERSION = YES;
				CLANG_WARN_INT_CONVERSION = YES;
				CLANG_WARN_OBJC_ROOT_CLASS = YES_ERROR;
				CLANG_WARN__DUPLICATE_METHOD_MATCH = YES;
				"CODE_SIGN_IDENTITY[sdk=iphoneos*]" = "iPhone Developer";
				COPY_PHASE_STRIP = NO;
				GCC_C_LANGUAGE_STANDARD = gnu99;
				GCC_DYNAMIC_NO_PIC = NO;
				GCC_OPTIMIZATION_LEVEL = 0;
				GCC_PREPROCESSOR_DEFINITIONS = (
					"DEBUG=1",
					"$(inherited)",
				);
				GCC_SYMBOLS_PRIVATE_EXTERN = NO;
				GCC_WARN_64_TO_32_BIT_CONVERSION = YES;
				GCC_WARN_ABOUT_RETURN_TYPE = YES_ERROR;
				GCC_WARN_UNDECLARED_SELECTOR = YES;
				GCC_WARN_UNINITIALIZED_AUTOS = YES_AGGRESSIVE;
				GCC_WARN_UNUSED_FUNCTION = YES;
				GCC_WARN_UNUSED_VARIABLE = YES;
				IPHONEOS_DEPLOYMENT_TARGET = 7.1;
				ONLY_ACTIVE_ARCH = YES;
				SDKROOT = iphoneos;
			};
			name = Debug;
		};
		EB7859F4198A1631000B4C18 /* Release */ = {
			isa = XCBuildConfiguration;
			buildSettings = {
				ALWAYS_SEARCH_USER_PATHS = NO;
				CLANG_CXX_LANGUAGE_STANDARD = "gnu++0x";
				CLANG_CXX_LIBRARY = "libc++";
				CLANG_ENABLE_MODULES = YES;
				CLANG_ENABLE_OBJC_ARC = YES;
				CLANG_WARN_BOOL_CONVERSION = YES;
				CLANG_WARN_CONSTANT_CONVERSION = YES;
				CLANG_WARN_DIRECT_OBJC_ISA_USAGE = YES_ERROR;
				CLANG_WARN_EMPTY_BODY = YES;
				CLANG_WARN_ENUM_CONVERSION = YES;
				CLANG_WARN_INT_CONVERSION = YES;
				CLANG_WARN_OBJC_ROOT_CLASS = YES_ERROR;
				CLANG_WARN__DUPLICATE_METHOD_MATCH = YES;
				"CODE_SIGN_IDENTITY[sdk=iphoneos*]" = "iPhone Developer";
				COPY_PHASE_STRIP = YES;
				ENABLE_NS_ASSERTIONS = NO;
				GCC_C_LANGUAGE_STANDARD = gnu99;
				GCC_WARN_64_TO_32_BIT_CONVERSION = YES;
				GCC_WARN_ABOUT_RETURN_TYPE = YES_ERROR;
				GCC_WARN_UNDECLARED_SELECTOR = YES;
				GCC_WARN_UNINITIALIZED_AUTOS = YES_AGGRESSIVE;
				GCC_WARN_UNUSED_FUNCTION = YES;
				GCC_WARN_UNUSED_VARIABLE = YES;
				IPHONEOS_DEPLOYMENT_TARGET = 7.1;
				SDKROOT = iphoneos;
				VALIDATE_PRODUCT = YES;
			};
			name = Release;
		};
		EB7859F6198A1631000B4C18 /* Debug */ = {
			isa = XCBuildConfiguration;
			buildSettings = {
				ASSETCATALOG_COMPILER_APPICON_NAME = AppIcon;
				ASSETCATALOG_COMPILER_LAUNCHIMAGE_NAME = LaunchImage;
				CODE_SIGN_IDENTITY = "iPhone Developer";
				FRAMEWORK_SEARCH_PATHS = (
					"$(inherited)",
					/Users/ebsud89/Documents/FacebookSDK,
					/Users/ebsud89/Documents/Development/ios/swmapp,
				);
				GCC_PRECOMPILE_PREFIX_HEADER = YES;
				GCC_PREFIX_HEADER = "ShallWeMate/ShallWeMate-Prefix.pch";
				INFOPLIST_FILE = "ShallWeMate/ShallWeMate-Info.plist";
				PRODUCT_NAME = "$(TARGET_NAME)";
				TARGETED_DEVICE_FAMILY = 1;
				WRAPPER_EXTENSION = app;
			};
			name = Debug;
		};
		EB7859F7198A1631000B4C18 /* Release */ = {
			isa = XCBuildConfiguration;
			buildSettings = {
				ASSETCATALOG_COMPILER_APPICON_NAME = AppIcon;
				ASSETCATALOG_COMPILER_LAUNCHIMAGE_NAME = LaunchImage;
				CODE_SIGN_IDENTITY = "iPhone Developer";
				FRAMEWORK_SEARCH_PATHS = (
					"$(inherited)",
					/Users/ebsud89/Documents/FacebookSDK,
					/Users/ebsud89/Documents/Development/ios/swmapp,
				);
				GCC_PRECOMPILE_PREFIX_HEADER = YES;
				GCC_PREFIX_HEADER = "ShallWeMate/ShallWeMate-Prefix.pch";
				INFOPLIST_FILE = "ShallWeMate/ShallWeMate-Info.plist";
				PRODUCT_NAME = "$(TARGET_NAME)";
				TARGETED_DEVICE_FAMILY = 1;
				WRAPPER_EXTENSION = app;
			};
			name = Release;
		};
		EB7859F9198A1631000B4C18 /* Debug */ = {
			isa = XCBuildConfiguration;
			buildSettings = {
				BUNDLE_LOADER = "$(BUILT_PRODUCTS_DIR)/ShallWeMate.app/ShallWeMate";
				FRAMEWORK_SEARCH_PATHS = (
					"$(SDKROOT)/Developer/Library/Frameworks",
					"$(inherited)",
					"$(DEVELOPER_FRAMEWORKS_DIR)",
				);
				GCC_PRECOMPILE_PREFIX_HEADER = YES;
				GCC_PREFIX_HEADER = "ShallWeMate/ShallWeMate-Prefix.pch";
				GCC_PREPROCESSOR_DEFINITIONS = (
					"DEBUG=1",
					"$(inherited)",
				);
				INFOPLIST_FILE = "ShallWeMateTests/ShallWeMateTests-Info.plist";
				PRODUCT_NAME = "$(TARGET_NAME)";
				TEST_HOST = "$(BUNDLE_LOADER)";
				WRAPPER_EXTENSION = xctest;
			};
			name = Debug;
		};
		EB7859FA198A1631000B4C18 /* Release */ = {
			isa = XCBuildConfiguration;
			buildSettings = {
				BUNDLE_LOADER = "$(BUILT_PRODUCTS_DIR)/ShallWeMate.app/ShallWeMate";
				FRAMEWORK_SEARCH_PATHS = (
					"$(SDKROOT)/Developer/Library/Frameworks",
					"$(inherited)",
					"$(DEVELOPER_FRAMEWORKS_DIR)",
				);
				GCC_PRECOMPILE_PREFIX_HEADER = YES;
				GCC_PREFIX_HEADER = "ShallWeMate/ShallWeMate-Prefix.pch";
				INFOPLIST_FILE = "ShallWeMateTests/ShallWeMateTests-Info.plist";
				PRODUCT_NAME = "$(TARGET_NAME)";
				TEST_HOST = "$(BUNDLE_LOADER)";
				WRAPPER_EXTENSION = xctest;
			};
			name = Release;
		};
/* End XCBuildConfiguration section */

/* Begin XCConfigurationList section */
		EB7859C4198A1631000B4C18 /* Build configuration list for PBXProject "ShallWeMate" */ = {
			isa = XCConfigurationList;
			buildConfigurations = (
				EB7859F3198A1631000B4C18 /* Debug */,
				EB7859F4198A1631000B4C18 /* Release */,
			);
			defaultConfigurationIsVisible = 0;
			defaultConfigurationName = Release;
		};
		EB7859F5198A1631000B4C18 /* Build configuration list for PBXNativeTarget "ShallWeMate" */ = {
			isa = XCConfigurationList;
			buildConfigurations = (
				EB7859F6198A1631000B4C18 /* Debug */,
				EB7859F7198A1631000B4C18 /* Release */,
			);
			defaultConfigurationIsVisible = 0;
			defaultConfigurationName = Release;
		};
		EB7859F8198A1631000B4C18 /* Build configuration list for PBXNativeTarget "ShallWeMateTests" */ = {
			isa = XCConfigurationList;
			buildConfigurations = (
				EB7859F9198A1631000B4C18 /* Debug */,
				EB7859FA198A1631000B4C18 /* Release */,
			);
			defaultConfigurationIsVisible = 0;
			defaultConfigurationName = Release;
		};
/* End XCConfigurationList section */
	};
	rootObject = EB7859C1198A1631000B4C18 /* Project object */;
}
